
Microsoft Visual Studio Solution File, Format Version 12.00
# Visual Studio Version 17
VisualStudioVersion = 17.9.34321.82
MinimumVisualStudioVersion = 10.0.40219.1
Project("{9A19103F-16F7-4668-BE54-9A1E7A4F7556}") = "Browser.Selector.Cli", "Browser.Selector.Cli\Browser.Selector.Cli.csproj", "{DCC006BF-3D9E-443F-A117-03B59C6F67B9}"
	ProjectSection(ProjectDependencies) = postProject
		{9F2A2A79-6200-4F92-8D17-BC5E8EF71FA3} = {9F2A2A79-6200-4F92-8D17-BC5E8EF71FA3}
	EndProjectSection
EndProject
Project("{9A19103F-16F7-4668-BE54-9A1E7A4F7556}") = "Browser.Selector.Lib", "Browser.Selector.Lib\Browser.Selector.Lib.csproj", "{9F2A2A79-6200-4F92-8D17-BC5E8EF71FA3}"
EndProject
Project("{2150E333-8FDC-42A3-9474-1A3956D46DE8}") = "Solution Items", "Solution Items", "{6FEA6F3A-0D75-454E-8871-549AD4C84657}"
	ProjectSection(SolutionItems) = preProject
		.github\workflows\dotnet-desktop.yml = .github\workflows\dotnet-desktop.yml
	EndProjectSection
EndProject
Global
	GlobalSection(SolutionConfigurationPlatforms) = preSolution
		Debug|Any CPU = Debug|Any CPU
		Debug|ARM = Debug|ARM
		Debug|ARM64 = Debug|ARM64
		Debug|x64 = Debug|x64
		Debug|x86 = Debug|x86
		Release|Any CPU = Release|Any CPU
		Release|ARM = Release|ARM
		Release|ARM64 = Release|ARM64
		Release|x64 = Release|x64
		Release|x86 = Release|x86
	EndGlobalSection
	GlobalSection(ProjectConfigurationPlatforms) = postSolution
		{DCC006BF-3D9E-443F-A117-03B59C6F67B9}.Debug|Any CPU.ActiveCfg = Debug|Any CPU
		{DCC006BF-3D9E-443F-A117-03B59C6F67B9}.Debug|Any CPU.Build.0 = Debug|Any CPU
		{DCC006BF-3D9E-443F-A117-03B59C6F67B9}.Debug|ARM.ActiveCfg = Debug|Any CPU
		{DCC006BF-3D9E-443F-A117-03B59C6F67B9}.Debug|ARM.Build.0 = Debug|Any CPU
		{DCC006BF-3D9E-443F-A117-03B59C6F67B9}.Debug|ARM64.ActiveCfg = Debug|Any CPU
		{DCC006BF-3D9E-443F-A117-03B59C6F67B9}.Debug|ARM64.Build.0 = Debug|Any CPU
		{DCC006BF-3D9E-443F-A117-03B59C6F67B9}.Debug|x64.ActiveCfg = Debug|Any CPU
		{DCC006BF-3D9E-443F-A117-03B59C6F67B9}.Debug|x64.Build.0 = Debug|Any CPU
		{DCC006BF-3D9E-443F-A117-03B59C6F67B9}.Debug|x86.ActiveCfg = Debug|Any CPU
		{DCC006BF-3D9E-443F-A117-03B59C6F67B9}.Debug|x86.Build.0 = Debug|Any CPU
		{DCC006BF-3D9E-443F-A117-03B59C6F67B9}.Release|Any CPU.ActiveCfg = Release|Any CPU
		{DCC006BF-3D9E-443F-A117-03B59C6F67B9}.Release|Any CPU.Build.0 = Release|Any CPU
		{DCC006BF-3D9E-443F-A117-03B59C6F67B9}.Release|ARM.ActiveCfg = Release|Any CPU
		{DCC006BF-3D9E-443F-A117-03B59C6F67B9}.Release|ARM.Build.0 = Release|Any CPU
		{DCC006BF-3D9E-443F-A117-03B59C6F67B9}.Release|ARM64.ActiveCfg = Release|Any CPU
		{DCC006BF-3D9E-443F-A117-03B59C6F67B9}.Release|ARM64.Build.0 = Release|Any CPU
		{DCC006BF-3D9E-443F-A117-03B59C6F67B9}.Release|x64.ActiveCfg = Release|Any CPU
		{DCC006BF-3D9E-443F-A117-03B59C6F67B9}.Release|x64.Build.0 = Release|Any CPU
		{DCC006BF-3D9E-443F-A117-03B59C6F67B9}.Release|x86.ActiveCfg = Release|Any CPU
		{DCC006BF-3D9E-443F-A117-03B59C6F67B9}.Release|x86.Build.0 = Release|Any CPU
		{9F2A2A79-6200-4F92-8D17-BC5E8EF71FA3}.Debug|Any CPU.ActiveCfg = Debug|Any CPU
		{9F2A2A79-6200-4F92-8D17-BC5E8EF71FA3}.Debug|Any CPU.Build.0 = Debug|Any CPU
		{9F2A2A79-6200-4F92-8D17-BC5E8EF71FA3}.Debug|ARM.ActiveCfg = Debug|Any CPU
		{9F2A2A79-6200-4F92-8D17-BC5E8EF71FA3}.Debug|ARM.Build.0 = Debug|Any CPU
		{9F2A2A79-6200-4F92-8D17-BC5E8EF71FA3}.Debug|ARM64.ActiveCfg = Debug|Any CPU
		{9F2A2A79-6200-4F92-8D17-BC5E8EF71FA3}.Debug|ARM64.Build.0 = Debug|Any CPU
		{9F2A2A79-6200-4F92-8D17-BC5E8EF71FA3}.Debug|x64.ActiveCfg = Debug|Any CPU
		{9F2A2A79-6200-4F92-8D17-BC5E8EF71FA3}.Debug|x64.Build.0 = Debug|Any CPU
		{9F2A2A79-6200-4F92-8D17-BC5E8EF71FA3}.Debug|x86.ActiveCfg = Debug|Any CPU
		{9F2A2A79-6200-4F92-8D17-BC5E8EF71FA3}.Debug|x86.Build.0 = Debug|Any CPU
		{9F2A2A79-6200-4F92-8D17-BC5E8EF71FA3}.Release|Any CPU.ActiveCfg = Release|Any CPU
		{9F2A2A79-6200-4F92-8D17-BC5E8EF71FA3}.Release|Any CPU.Build.0 = Release|Any CPU
		{9F2A2A79-6200-4F92-8D17-BC5E8EF71FA3}.Release|ARM.ActiveCfg = Release|Any CPU
		{9F2A2A79-6200-4F92-8D17-BC5E8EF71FA3}.Release|ARM.Build.0 = Release|Any CPU
		{9F2A2A79-6200-4F92-8D17-BC5E8EF71FA3}.Release|ARM64.ActiveCfg = Release|Any CPU
		{9F2A2A79-6200-4F92-8D17-BC5E8EF71FA3}.Release|ARM64.Build.0 = Release|Any CPU
		{9F2A2A79-6200-4F92-8D17-BC5E8EF71FA3}.Release|x64.ActiveCfg = Release|Any CPU
		{9F2A2A79-6200-4F92-8D17-BC5E8EF71FA3}.Release|x64.Build.0 = Release|Any CPU
		{9F2A2A79-6200-4F92-8D17-BC5E8EF71FA3}.Release|x86.ActiveCfg = Release|Any CPU
		{9F2A2A79-6200-4F92-8D17-BC5E8EF71FA3}.Release|x86.Build.0 = Release|Any CPU
	EndGlobalSection
	GlobalSection(SolutionProperties) = preSolution
		HideSolutionNode = FALSE
	EndGlobalSection
	GlobalSection(ExtensibilityGlobals) = postSolution
		SolutionGuid = {7B0B3884-E226-4242-8C9E-8053DA541FB4}
	EndGlobalSection
EndGlobal
